
Microsoft Visual Studio Solution File, Format Version 12.00
# Visual Studio 15
VisualStudioVersion = 15.0.28010.0
MinimumVisualStudioVersion = 10.0.40219.1
Project("{FAE04EC0-301F-11D3-BF4B-00C04F79EFBC}") = "Algorithms_WildCardSearch", "Algorithms_WildCardSearch\Algorithms_WildCardSearch.csproj", "{2CDAEA94-CC5B-41A5-B29B-0C38FCBCB090}"
EndProject
Project("{FAE04EC0-301F-11D3-BF4B-00C04F79EFBC}") = "Tests", "Tests\Tests.csproj", "{6DF4AA70-8B5B-47DC-811E-D8E1E4965329}"
EndProject
Global
	GlobalSection(SolutionConfigurationPlatforms) = preSolution
		Debug|Any CPU = Debug|Any CPU
		Release|Any CPU = Release|Any CPU
	EndGlobalSection
	GlobalSection(ProjectConfigurationPlatforms) = postSolution
		{2CDAEA94-CC5B-41A5-B29B-0C38FCBCB090}.Debug|Any CPU.ActiveCfg = Debug|Any CPU
		{2CDAEA94-CC5B-41A5-B29B-0C38FCBCB090}.Debug|Any CPU.Build.0 = Debug|Any CPU
		{2CDAEA94-CC5B-41A5-B29B-0C38FCBCB090}.Release|Any CPU.ActiveCfg = Release|Any CPU
		{2CDAEA94-CC5B-41A5-B29B-0C38FCBCB090}.Release|Any CPU.Build.0 = Release|Any CPU
		{6DF4AA70-8B5B-47DC-811E-D8E1E4965329}.Debug|Any CPU.ActiveCfg = Debug|Any CPU
		{6DF4AA70-8B5B-47DC-811E-D8E1E4965329}.Debug|Any CPU.Build.0 = Debug|Any CPU
		{6DF4AA70-8B5B-47DC-811E-D8E1E4965329}.Release|Any CPU.ActiveCfg = Release|Any CPU
		{6DF4AA70-8B5B-47DC-811E-D8E1E4965329}.Release|Any CPU.Build.0 = Release|Any CPU
	EndGlobalSection
	GlobalSection(SolutionProperties) = preSolution
		HideSolutionNode = FALSE
	EndGlobalSection
	GlobalSection(ExtensibilityGlobals) = postSolution
		SolutionGuid = {AE6DDB68-278B-4840-BBE6-84FCB837AA18}
	EndGlobalSection
EndGlobal
